
Microsoft Visual Studio Solution File, Format Version 12.00
# Visual Studio Version 16
VisualStudioVersion = 16.0.30128.74
MinimumVisualStudioVersion = 10.0.40219.1
Project("{FAE04EC0-301F-11D3-BF4B-00C04F79EFBC}") = "Exercicio03", "Exercicio03\Exercicio03.csproj", "{55C96381-C3A8-43E0-AB2A-31AB4150F98C}"
EndProject
Global
	GlobalSection(SolutionConfigurationPlatforms) = preSolution
		Debug|Any CPU = Debug|Any CPU
		Release|Any CPU = Release|Any CPU
	EndGlobalSection
	GlobalSection(ProjectConfigurationPlatforms) = postSolution
		{55C96381-C3A8-43E0-AB2A-31AB4150F98C}.Debug|Any CPU.ActiveCfg = Debug|Any CPU
		{55C96381-C3A8-43E0-AB2A-31AB4150F98C}.Debug|Any CPU.Build.0 = Debug|Any CPU
		{55C96381-C3A8-43E0-AB2A-31AB4150F98C}.Release|Any CPU.ActiveCfg = Release|Any CPU
		{55C96381-C3A8-43E0-AB2A-31AB4150F98C}.Release|Any CPU.Build.0 = Release|Any CPU
	EndGlobalSection
	GlobalSection(SolutionProperties) = preSolution
		HideSolutionNode = FALSE
	EndGlobalSection
	GlobalSection(ExtensibilityGlobals) = postSolution
		SolutionGuid = {BB21E121-61B2-4653-A5AE-0B985CD520DB}
	EndGlobalSection
EndGlobal
